// !$*UTF8*$!
{
	archiveVersion = 1;
	classes = {
	};
	objectVersion = 48;
	objects = {

/* Begin PBXBuildFile section */
		280736E2203C88D800B8AFCA /* ListTester.cpp in Sources */ = {isa = PBXBuildFile; fileRef = 280736E0203C88D800B8AFCA /* ListTester.cpp */; };
		280B5E3D206A94AE00762C03 /* BinaryTreeTester.cpp in Sources */ = {isa = PBXBuildFile; fileRef = 280B5E3B206A94AE00762C03 /* BinaryTreeTester.cpp */; };
		286DCF1420220BF5000C3619 /* Runner.cpp in Sources */ = {isa = PBXBuildFile; fileRef = 286DCF1320220BF5000C3619 /* Runner.cpp */; };
		286DCF1720220C03000C3619 /* Controller.cpp in Sources */ = {isa = PBXBuildFile; fileRef = 286DCF1520220C03000C3619 /* Controller.cpp */; };
		286DCF1B20220C63000C3619 /* FileController.cpp in Sources */ = {isa = PBXBuildFile; fileRef = 286DCF1920220C63000C3619 /* FileController.cpp */; };
		286DCF1E20220EE5000C3619 /* Timer.cpp in Sources */ = {isa = PBXBuildFile; fileRef = 286DCF1C20220EE5000C3619 /* Timer.cpp */; };
		286DCF2320221A10000C3619 /* CrimeData.cpp in Sources */ = {isa = PBXBuildFile; fileRef = 286DCF2120221A10000C3619 /* CrimeData.cpp */; };
		288DBF5B202A00410031EB46 /* ArrayTester.cpp in Sources */ = {isa = PBXBuildFile; fileRef = 288DBF59202A00410031EB46 /* ArrayTester.cpp */; };
		28949112204714CF0072F34F /* LinkedListTester.cpp in Sources */ = {isa = PBXBuildFile; fileRef = 28949110204714CF0072F34F /* LinkedListTester.cpp */; };
		2899BD3F20653D6C00678DDD /* GraphTester.cpp in Sources */ = {isa = PBXBuildFile; fileRef = 2899BD3D20653D6C00678DDD /* GraphTester.cpp */; };
		2899BD422065602B00678DDD /* TestingStacksAndQueues.cpp in Sources */ = {isa = PBXBuildFile; fileRef = 2899BD402065602B00678DDD /* TestingStacksAndQueues.cpp */; };
		28BD66A0205AB35800F9016F /* SortingTester.cpp in Sources */ = {isa = PBXBuildFile; fileRef = 28BD669E205AB35800F9016F /* SortingTester.cpp */; };
		28BF42CB204D8F51006D1704 /* RecursionTester.cpp in Sources */ = {isa = PBXBuildFile; fileRef = 28BF42C9204D8F51006D1704 /* RecursionTester.cpp */; };
/* End PBXBuildFile section */

/* Begin PBXCopyFilesBuildPhase section */
		286DCF0620220B9A000C3619 /* CopyFiles */ = {
			isa = PBXCopyFilesBuildPhase;
			buildActionMask = 2147483647;
			dstPath = /usr/share/man/man1/;
			dstSubfolderSpec = 0;
			files = (
			);
			runOnlyForDeploymentPostprocessing = 1;
		};
/* End PBXCopyFilesBuildPhase section */

/* Begin PBXFileReference section */
		280736E0203C88D800B8AFCA /* ListTester.cpp */ = {isa = PBXFileReference; lastKnownFileType = sourcecode.cpp.cpp; path = ListTester.cpp; sourceTree = "<group>"; };
		280736E1203C88D800B8AFCA /* ListTester.hpp */ = {isa = PBXFileReference; lastKnownFileType = sourcecode.cpp.h; path = ListTester.hpp; sourceTree = "<group>"; };
		280B5E3A206A8CED00762C03 /* BinaryTreeNode.hpp */ = {isa = PBXFileReference; lastKnownFileType = sourcecode.cpp.h; path = BinaryTreeNode.hpp; sourceTree = "<group>"; };
		280B5E3B206A94AE00762C03 /* BinaryTreeTester.cpp */ = {isa = PBXFileReference; lastKnownFileType = sourcecode.cpp.cpp; path = BinaryTreeTester.cpp; sourceTree = "<group>"; };
		280B5E3C206A94AE00762C03 /* BinaryTreeTester.hpp */ = {isa = PBXFileReference; lastKnownFileType = sourcecode.cpp.h; path = BinaryTreeTester.hpp; sourceTree = "<group>"; };
		280B5E3E206A9EE200762C03 /* Tree.hpp */ = {isa = PBXFileReference; lastKnownFileType = sourcecode.cpp.h; path = Tree.hpp; sourceTree = "<group>"; };
		2816E6D2202CB39600F520A2 /* LinearNode.hpp */ = {isa = PBXFileReference; lastKnownFileType = sourcecode.cpp.h; path = LinearNode.hpp; sourceTree = "<group>"; };
		2816E6D5202CB4A100F520A2 /* List.hpp */ = {isa = PBXFileReference; lastKnownFileType = sourcecode.cpp.h; path = List.hpp; sourceTree = "<group>"; };
		2855BA60208E21A000BA5F11 /* N_AryTreeNode.hpp */ = {isa = PBXFileReference; lastKnownFileType = sourcecode.cpp.h; path = N_AryTreeNode.hpp; sourceTree = "<group>"; };
		286DCF0820220B9A000C3619 /* DataStructureProject */ = {isa = PBXFileReference; explicitFileType = "compiled.mach-o.executable"; includeInIndex = 0; path = DataStructureProject; sourceTree = BUILT_PRODUCTS_DIR; };
		286DCF1320220BF5000C3619 /* Runner.cpp */ = {isa = PBXFileReference; lastKnownFileType = sourcecode.cpp.cpp; path = Runner.cpp; sourceTree = "<group>"; };
		286DCF1520220C03000C3619 /* Controller.cpp */ = {isa = PBXFileReference; lastKnownFileType = sourcecode.cpp.cpp; path = Controller.cpp; sourceTree = "<group>"; };
		286DCF1620220C03000C3619 /* Controller.hpp */ = {isa = PBXFileReference; lastKnownFileType = sourcecode.cpp.h; path = Controller.hpp; sourceTree = "<group>"; };
		286DCF1920220C63000C3619 /* FileController.cpp */ = {isa = PBXFileReference; lastKnownFileType = sourcecode.cpp.cpp; path = FileController.cpp; sourceTree = "<group>"; };
		286DCF1A20220C63000C3619 /* FileController.hpp */ = {isa = PBXFileReference; lastKnownFileType = sourcecode.cpp.h; path = FileController.hpp; sourceTree = "<group>"; };
		286DCF1C20220EE5000C3619 /* Timer.cpp */ = {isa = PBXFileReference; lastKnownFileType = sourcecode.cpp.cpp; path = Timer.cpp; sourceTree = "<group>"; };
		286DCF1D20220EE5000C3619 /* Timer.hpp */ = {isa = PBXFileReference; lastKnownFileType = sourcecode.cpp.h; path = Timer.hpp; sourceTree = "<group>"; };
		286DCF2120221A10000C3619 /* CrimeData.cpp */ = {isa = PBXFileReference; fileEncoding = 4; lastKnownFileType = sourcecode.cpp.cpp; path = CrimeData.cpp; sourceTree = "<group>"; };
		286DCF2220221A10000C3619 /* CrimeData.hpp */ = {isa = PBXFileReference; fileEncoding = 4; lastKnownFileType = sourcecode.cpp.h; path = CrimeData.hpp; sourceTree = "<group>"; };
		286DCF24202229DB000C3619 /* crime.csv */ = {isa = PBXFileReference; fileEncoding = 4; lastKnownFileType = text; path = crime.csv; sourceTree = "<group>"; };
		288DBF59202A00410031EB46 /* ArrayTester.cpp */ = {isa = PBXFileReference; lastKnownFileType = sourcecode.cpp.cpp; path = ArrayTester.cpp; sourceTree = "<group>"; };
		288DBF5A202A00410031EB46 /* ArrayTester.hpp */ = {isa = PBXFileReference; lastKnownFileType = sourcecode.cpp.h; path = ArrayTester.hpp; sourceTree = "<group>"; };
		288DBF5D202A12930031EB46 /* Node.hpp */ = {isa = PBXFileReference; lastKnownFileType = sourcecode.cpp.h; path = Node.hpp; sourceTree = "<group>"; };
		2894910F2046F9470072F34F /* CircularList.hpp */ = {isa = PBXFileReference; lastKnownFileType = sourcecode.cpp.h; path = CircularList.hpp; sourceTree = "<group>"; };
		28949110204714CF0072F34F /* LinkedListTester.cpp */ = {isa = PBXFileReference; lastKnownFileType = sourcecode.cpp.cpp; path = LinkedListTester.cpp; sourceTree = "<group>"; };
		28949111204714CF0072F34F /* LinkedListTester.hpp */ = {isa = PBXFileReference; lastKnownFileType = sourcecode.cpp.h; path = LinkedListTester.hpp; sourceTree = "<group>"; };
		2898056A206D29BD009A8826 /* BinarySearchTree.hpp */ = {isa = PBXFileReference; lastKnownFileType = sourcecode.cpp.h; path = BinarySearchTree.hpp; sourceTree = "<group>"; };
		2899BD3D20653D6C00678DDD /* GraphTester.cpp */ = {isa = PBXFileReference; lastKnownFileType = sourcecode.cpp.cpp; path = GraphTester.cpp; sourceTree = "<group>"; };
		2899BD3E20653D6C00678DDD /* GraphTester.hpp */ = {isa = PBXFileReference; lastKnownFileType = sourcecode.cpp.h; path = GraphTester.hpp; sourceTree = "<group>"; };
		2899BD402065602B00678DDD /* TestingStacksAndQueues.cpp */ = {isa = PBXFileReference; lastKnownFileType = sourcecode.cpp.cpp; path = TestingStacksAndQueues.cpp; sourceTree = "<group>"; };
		2899BD412065602B00678DDD /* TestingStacksAndQueues.hpp */ = {isa = PBXFileReference; lastKnownFileType = sourcecode.cpp.h; path = TestingStacksAndQueues.hpp; sourceTree = "<group>"; };
		289D2A8F20863CB200D9A46E /* AVLTree.hpp */ = {isa = PBXFileReference; lastKnownFileType = sourcecode.cpp.h; path = AVLTree.hpp; sourceTree = "<group>"; };
		28A865002024BFA100CD5501 /* Array.hpp */ = {isa = PBXFileReference; lastKnownFileType = sourcecode.cpp.h; path = Array.hpp; sourceTree = "<group>"; };
		28BD669E205AB35800F9016F /* SortingTester.cpp */ = {isa = PBXFileReference; lastKnownFileType = sourcecode.cpp.cpp; path = SortingTester.cpp; sourceTree = "<group>"; };
		28BD669F205AB35800F9016F /* SortingTester.hpp */ = {isa = PBXFileReference; lastKnownFileType = sourcecode.cpp.h; path = SortingTester.hpp; sourceTree = "<group>"; };
		28BF42C9204D8F51006D1704 /* RecursionTester.cpp */ = {isa = PBXFileReference; lastKnownFileType = sourcecode.cpp.cpp; path = RecursionTester.cpp; sourceTree = "<group>"; };
		28BF42CA204D8F51006D1704 /* RecursionTester.hpp */ = {isa = PBXFileReference; lastKnownFileType = sourcecode.cpp.h; path = RecursionTester.hpp; sourceTree = "<group>"; };
		28E315712031F91D00634777 /* LinkedList.hpp */ = {isa = PBXFileReference; lastKnownFileType = sourcecode.cpp.h; path = LinkedList.hpp; sourceTree = "<group>"; };
		28E5B881204461DE00E2FEC5 /* Queue.hpp */ = {isa = PBXFileReference; lastKnownFileType = sourcecode.cpp.h; path = Queue.hpp; sourceTree = "<group>"; };
		28E5B8822044632500E2FEC5 /* DoubleNode.hpp */ = {isa = PBXFileReference; lastKnownFileType = sourcecode.cpp.h; path = DoubleNode.hpp; sourceTree = "<group>"; };
		28FA64662060026C008F6F07 /* Graph.hpp */ = {isa = PBXFileReference; lastKnownFileType = sourcecode.cpp.h; path = Graph.hpp; sourceTree = "<group>"; };
		28FFD420203F2265000A9156 /* Stack.hpp */ = {isa = PBXFileReference; lastKnownFileType = sourcecode.cpp.h; path = Stack.hpp; sourceTree = "<group>"; };
/* End PBXFileReference section */

/* Begin PBXFrameworksBuildPhase section */
		286DCF0520220B9A000C3619 /* Frameworks */ = {
			isa = PBXFrameworksBuildPhase;
			buildActionMask = 2147483647;
			files = (
			);
			runOnlyForDeploymentPostprocessing = 0;
		};
/* End PBXFrameworksBuildPhase section */

/* Begin PBXGroup section */
		286DCEFF20220B9A000C3619 = {
			isa = PBXGroup;
			children = (
				286DCF0A20220B9A000C3619 /* DataStructureProject */,
				286DCF0920220B9A000C3619 /* Products */,
			);
			sourceTree = "<group>";
		};
		286DCF0920220B9A000C3619 /* Products */ = {
			isa = PBXGroup;
			children = (
				286DCF0820220B9A000C3619 /* DataStructureProject */,
			);
			name = Products;
			sourceTree = "<group>";
		};
		286DCF0A20220B9A000C3619 /* DataStructureProject */ = {
			isa = PBXGroup;
			children = (
				288DBF562029FFB30031EB46 /* Testers */,
				28A864FE2024BF6400CD5501 /* Model */,
				286DCF1F202219BB000C3619 /* Data */,
				286DCF1320220BF5000C3619 /* Runner.cpp */,
				286DCF1220220BE4000C3619 /* Controller */,
			);
			path = DataStructureProject;
			sourceTree = "<group>";
		};
		286DCF1220220BE4000C3619 /* Controller */ = {
			isa = PBXGroup;
			children = (
				286DCF1520220C03000C3619 /* Controller.cpp */,
				286DCF1620220C03000C3619 /* Controller.hpp */,
				286DCF1920220C63000C3619 /* FileController.cpp */,
				286DCF1A20220C63000C3619 /* FileController.hpp */,
				286DCF1820220C47000C3619 /* Tools */,
			);
			path = Controller;
			sourceTree = "<group>";
		};
		286DCF1820220C47000C3619 /* Tools */ = {
			isa = PBXGroup;
			children = (
				286DCF1C20220EE5000C3619 /* Timer.cpp */,
				286DCF1D20220EE5000C3619 /* Timer.hpp */,
			);
			path = Tools;
			sourceTree = "<group>";
		};
		286DCF1F202219BB000C3619 /* Data */ = {
			isa = PBXGroup;
			children = (
				286DCF24202229DB000C3619 /* crime.csv */,
				286DCF2120221A10000C3619 /* CrimeData.cpp */,
				286DCF2220221A10000C3619 /* CrimeData.hpp */,
			);
			path = Data;
			sourceTree = "<group>";
		};
		288DBF562029FFB30031EB46 /* Testers */ = {
			isa = PBXGroup;
			children = (
				288DBF59202A00410031EB46 /* ArrayTester.cpp */,
				288DBF5A202A00410031EB46 /* ArrayTester.hpp */,
				280736E0203C88D800B8AFCA /* ListTester.cpp */,
				280736E1203C88D800B8AFCA /* ListTester.hpp */,
				28949110204714CF0072F34F /* LinkedListTester.cpp */,
				28949111204714CF0072F34F /* LinkedListTester.hpp */,
				28BF42C9204D8F51006D1704 /* RecursionTester.cpp */,
				28BF42CA204D8F51006D1704 /* RecursionTester.hpp */,
				28BD669E205AB35800F9016F /* SortingTester.cpp */,
				28BD669F205AB35800F9016F /* SortingTester.hpp */,
				2899BD3D20653D6C00678DDD /* GraphTester.cpp */,
				2899BD3E20653D6C00678DDD /* GraphTester.hpp */,
				2899BD402065602B00678DDD /* TestingStacksAndQueues.cpp */,
				2899BD412065602B00678DDD /* TestingStacksAndQueues.hpp */,
				280B5E3B206A94AE00762C03 /* BinaryTreeTester.cpp */,
				280B5E3C206A94AE00762C03 /* BinaryTreeTester.hpp */,
			);
			path = Testers;
			sourceTree = "<group>";
		};
		288DBF5C202A12730031EB46 /* Nodes */ = {
			isa = PBXGroup;
			children = (
				2816E6D2202CB39600F520A2 /* LinearNode.hpp */,
				288DBF5D202A12930031EB46 /* Node.hpp */,
				28E5B8822044632500E2FEC5 /* DoubleNode.hpp */,
				280B5E3A206A8CED00762C03 /* BinaryTreeNode.hpp */,
				2855BA60208E21A000BA5F11 /* N_AryTreeNode.hpp */,
			);
			path = Nodes;
			sourceTree = "<group>";
		};
		28A864FE2024BF6400CD5501 /* Model */ = {
			isa = PBXGroup;
			children = (
				28A864FF2024BF8400CD5501 /* Structures */,
			);
			path = Model;
			sourceTree = "<group>";
		};
		28A864FF2024BF8400CD5501 /* Structures */ = {
			isa = PBXGroup;
			children = (
				28FFD41F203F1534000A9156 /* NonLinear */,
				288DBF5C202A12730031EB46 /* Nodes */,
				28FFD41E203F1516000A9156 /* Linear */,
			);
			path = Structures;
			sourceTree = "<group>";
		};
		28FFD41E203F1516000A9156 /* Linear */ = {
			isa = PBXGroup;
			children = (
				28E315712031F91D00634777 /* LinkedList.hpp */,
				28A865002024BFA100CD5501 /* Array.hpp */,
				2816E6D5202CB4A100F520A2 /* List.hpp */,
				28FFD420203F2265000A9156 /* Stack.hpp */,
				28E5B881204461DE00E2FEC5 /* Queue.hpp */,
				2894910F2046F9470072F34F /* CircularList.hpp */,
			);
			path = Linear;
			sourceTree = "<group>";
		};
		28FFD41F203F1534000A9156 /* NonLinear */ = {
			isa = PBXGroup;
			children = (
				28FA64662060026C008F6F07 /* Graph.hpp */,
				280B5E3E206A9EE200762C03 /* Tree.hpp */,
				2898056A206D29BD009A8826 /* BinarySearchTree.hpp */,
				289D2A8F20863CB200D9A46E /* AVLTree.hpp */,
			);
			path = NonLinear;
			sourceTree = "<group>";
		};
/* End PBXGroup section */

/* Begin PBXNativeTarget section */
		286DCF0720220B9A000C3619 /* DataStructureProject */ = {
			isa = PBXNativeTarget;
			buildConfigurationList = 286DCF0F20220B9A000C3619 /* Build configuration list for PBXNativeTarget "DataStructureProject" */;
			buildPhases = (
				286DCF0420220B9A000C3619 /* Sources */,
				286DCF0520220B9A000C3619 /* Frameworks */,
				286DCF0620220B9A000C3619 /* CopyFiles */,
			);
			buildRules = (
			);
			dependencies = (
			);
			name = DataStructureProject;
			productName = DataStructureProject;
			productReference = 286DCF0820220B9A000C3619 /* DataStructureProject */;
			productType = "com.apple.product-type.tool";
		};
/* End PBXNativeTarget section */

/* Begin PBXProject section */
		286DCF0020220B9A000C3619 /* Project object */ = {
			isa = PBXProject;
			attributes = {
				LastUpgradeCheck = 0900;
				ORGANIZATIONNAME = "Kuo, Sean";
				TargetAttributes = {
					286DCF0720220B9A000C3619 = {
						CreatedOnToolsVersion = 9.0;
						ProvisioningStyle = Automatic;
					};
				};
			};
			buildConfigurationList = 286DCF0320220B9A000C3619 /* Build configuration list for PBXProject "DataStructureProject" */;
			compatibilityVersion = "Xcode 8.0";
			developmentRegion = en;
			hasScannedForEncodings = 0;
			knownRegions = (
				en,
			);
			mainGroup = 286DCEFF20220B9A000C3619;
			productRefGroup = 286DCF0920220B9A000C3619 /* Products */;
			projectDirPath = "";
			projectRoot = "";
			targets = (
				286DCF0720220B9A000C3619 /* DataStructureProject */,
			);
		};
/* End PBXProject section */

/* Begin PBXSourcesBuildPhase section */
		286DCF0420220B9A000C3619 /* Sources */ = {
			isa = PBXSourcesBuildPhase;
			buildActionMask = 2147483647;
			files = (
				28BF42CB204D8F51006D1704 /* RecursionTester.cpp in Sources */,
				2899BD422065602B00678DDD /* TestingStacksAndQueues.cpp in Sources */,
				286DCF1420220BF5000C3619 /* Runner.cpp in Sources */,
				280B5E3D206A94AE00762C03 /* BinaryTreeTester.cpp in Sources */,
				286DCF2320221A10000C3619 /* CrimeData.cpp in Sources */,
				286DCF1720220C03000C3619 /* Controller.cpp in Sources */,
				286DCF1B20220C63000C3619 /* FileController.cpp in Sources */,
				2899BD3F20653D6C00678DDD /* GraphTester.cpp in Sources */,
				28BD66A0205AB35800F9016F /* SortingTester.cpp in Sources */,
				288DBF5B202A00410031EB46 /* ArrayTester.cpp in Sources */,
				286DCF1E20220EE5000C3619 /* Timer.cpp in Sources */,
				280736E2203C88D800B8AFCA /* ListTester.cpp in Sources */,
				28949112204714CF0072F34F /* LinkedListTester.cpp in Sources */,
			);
			runOnlyForDeploymentPostprocessing = 0;
		};
/* End PBXSourcesBuildPhase section */

/* Begin XCBuildConfiguration section */
		286DCF0D20220B9A000C3619 /* Debug */ = {
			isa = XCBuildConfiguration;
			buildSettings = {
				ALWAYS_SEARCH_USER_PATHS = NO;
				CLANG_ANALYZER_NONNULL = YES;
				CLANG_ANALYZER_NUMBER_OBJECT_CONVERSION = YES_AGGRESSIVE;
				CLANG_CXX_LANGUAGE_STANDARD = "gnu++14";
				CLANG_CXX_LIBRARY = "libc++";
				CLANG_ENABLE_MODULES = YES;
				CLANG_ENABLE_OBJC_ARC = YES;
				CLANG_WARN_BLOCK_CAPTURE_AUTORELEASING = YES;
				CLANG_WARN_BOOL_CONVERSION = YES;
				CLANG_WARN_COMMA = YES;
				CLANG_WARN_CONSTANT_CONVERSION = YES;
				CLANG_WARN_DIRECT_OBJC_ISA_USAGE = YES_ERROR;
				CLANG_WARN_DOCUMENTATION_COMMENTS = YES;
				CLANG_WARN_EMPTY_BODY = YES;
				CLANG_WARN_ENUM_CONVERSION = YES;
				CLANG_WARN_INFINITE_RECURSION = YES;
				CLANG_WARN_INT_CONVERSION = YES;
				CLANG_WARN_NON_LITERAL_NULL_CONVERSION = YES;
				CLANG_WARN_OBJC_LITERAL_CONVERSION = YES;
				CLANG_WARN_OBJC_ROOT_CLASS = YES_ERROR;
				CLANG_WARN_RANGE_LOOP_ANALYSIS = YES;
				CLANG_WARN_STRICT_PROTOTYPES = YES;
				CLANG_WARN_SUSPICIOUS_MOVE = YES;
				CLANG_WARN_UNGUARDED_AVAILABILITY = YES_AGGRESSIVE;
				CLANG_WARN_UNREACHABLE_CODE = YES;
				CLANG_WARN__DUPLICATE_METHOD_MATCH = YES;
				CODE_SIGN_IDENTITY = "-";
				COPY_PHASE_STRIP = NO;
				DEBUG_INFORMATION_FORMAT = dwarf;
				ENABLE_STRICT_OBJC_MSGSEND = YES;
				ENABLE_TESTABILITY = YES;
				GCC_C_LANGUAGE_STANDARD = gnu11;
				GCC_DYNAMIC_NO_PIC = NO;
				GCC_NO_COMMON_BLOCKS = YES;
				GCC_OPTIMIZATION_LEVEL = 0;
				GCC_PREPROCESSOR_DEFINITIONS = (
					"DEBUG=1",
					"$(inherited)",
				);
				GCC_WARN_64_TO_32_BIT_CONVERSION = YES;
				GCC_WARN_ABOUT_RETURN_TYPE = YES_ERROR;
				GCC_WARN_UNDECLARED_SELECTOR = YES;
				GCC_WARN_UNINITIALIZED_AUTOS = YES_AGGRESSIVE;
				GCC_WARN_UNUSED_FUNCTION = YES;
				GCC_WARN_UNUSED_VARIABLE = YES;
				MACOSX_DEPLOYMENT_TARGET = 10.12;
				MTL_ENABLE_DEBUG_INFO = YES;
				ONLY_ACTIVE_ARCH = YES;
				SDKROOT = macosx;
			};
			name = Debug;
		};
		286DCF0E20220B9A000C3619 /* Release */ = {
			isa = XCBuildConfiguration;
			buildSettings = {
				ALWAYS_SEARCH_USER_PATHS = NO;
				CLANG_ANALYZER_NONNULL = YES;
				CLANG_ANALYZER_NUMBER_OBJECT_CONVERSION = YES_AGGRESSIVE;
				CLANG_CXX_LANGUAGE_STANDARD = "gnu++14";
				CLANG_CXX_LIBRARY = "libc++";
				CLANG_ENABLE_MODULES = YES;
				CLANG_ENABLE_OBJC_ARC = YES;
				CLANG_WARN_BLOCK_CAPTURE_AUTORELEASING = YES;
				CLANG_WARN_BOOL_CONVERSION = YES;
				CLANG_WARN_COMMA = YES;
				CLANG_WARN_CONSTANT_CONVERSION = YES;
				CLANG_WARN_DIRECT_OBJC_ISA_USAGE = YES_ERROR;
				CLANG_WARN_DOCUMENTATION_COMMENTS = YES;
				CLANG_WARN_EMPTY_BODY = YES;
				CLANG_WARN_ENUM_CONVERSION = YES;
				CLANG_WARN_INFINITE_RECURSION = YES;
				CLANG_WARN_INT_CONVERSION = YES;
				CLANG_WARN_NON_LITERAL_NULL_CONVERSION = YES;
				CLANG_WARN_OBJC_LITERAL_CONVERSION = YES;
				CLANG_WARN_OBJC_ROOT_CLASS = YES_ERROR;
				CLANG_WARN_RANGE_LOOP_ANALYSIS = YES;
				CLANG_WARN_STRICT_PROTOTYPES = YES;
				CLANG_WARN_SUSPICIOUS_MOVE = YES;
				CLANG_WARN_UNGUARDED_AVAILABILITY = YES_AGGRESSIVE;
				CLANG_WARN_UNREACHABLE_CODE = YES;
				CLANG_WARN__DUPLICATE_METHOD_MATCH = YES;
				CODE_SIGN_IDENTITY = "-";
				COPY_PHASE_STRIP = NO;
				DEBUG_INFORMATION_FORMAT = "dwarf-with-dsym";
				ENABLE_NS_ASSERTIONS = NO;
				ENABLE_STRICT_OBJC_MSGSEND = YES;
				GCC_C_LANGUAGE_STANDARD = gnu11;
				GCC_NO_COMMON_BLOCKS = YES;
				GCC_WARN_64_TO_32_BIT_CONVERSION = YES;
				GCC_WARN_ABOUT_RETURN_TYPE = YES_ERROR;
				GCC_WARN_UNDECLARED_SELECTOR = YES;
				GCC_WARN_UNINITIALIZED_AUTOS = YES_AGGRESSIVE;
				GCC_WARN_UNUSED_FUNCTION = YES;
				GCC_WARN_UNUSED_VARIABLE = YES;
				MACOSX_DEPLOYMENT_TARGET = 10.12;
				MTL_ENABLE_DEBUG_INFO = NO;
				SDKROOT = macosx;
			};
			name = Release;
		};
		286DCF1020220B9A000C3619 /* Debug */ = {
			isa = XCBuildConfiguration;
			buildSettings = {
				CODE_SIGN_STYLE = Automatic;
				PRODUCT_NAME = "$(TARGET_NAME)";
			};
			name = Debug;
		};
		286DCF1120220B9A000C3619 /* Release */ = {
			isa = XCBuildConfiguration;
			buildSettings = {
				CODE_SIGN_STYLE = Automatic;
				PRODUCT_NAME = "$(TARGET_NAME)";
			};
			name = Release;
		};
/* End XCBuildConfiguration section */

/* Begin XCConfigurationList section */
		286DCF0320220B9A000C3619 /* Build configuration list for PBXProject "DataStructureProject" */ = {
			isa = XCConfigurationList;
			buildConfigurations = (
				286DCF0D20220B9A000C3619 /* Debug */,
				286DCF0E20220B9A000C3619 /* Release */,
			);
			defaultConfigurationIsVisible = 0;
			defaultConfigurationName = Release;
		};
		286DCF0F20220B9A000C3619 /* Build configuration list for PBXNativeTarget "DataStructureProject" */ = {
			isa = XCConfigurationList;
			buildConfigurations = (
				286DCF1020220B9A000C3619 /* Debug */,
				286DCF1120220B9A000C3619 /* Release */,
			);
			defaultConfigurationIsVisible = 0;
			defaultConfigurationName = Release;
		};
/* End XCConfigurationList section */
	};
	rootObject = 286DCF0020220B9A000C3619 /* Project object */;
}
